
Microsoft Visual Studio Solution File, Format Version 9.00
# Visual Studio 2005
Project("{FAE04EC0-301F-11D3-BF4B-00C04F79EFBC}") = "PayPal_Merchant_SDK", "PayPal_Merchant_SDK\PayPal_Merchant_SDK.csproj", "{1F5FF00B-CE0F-40B8-9BC4-7B5ED2087266}"
EndProject
Project("{FAE04EC0-301F-11D3-BF4B-00C04F79EFBC}") = "MerchantSampleApp", "Sample\MerchantSampleApp\MerchantSampleApp.csproj", "{D7A1CE66-E49C-4081-9138-113711488895}"
EndProject
Global
	GlobalSection(SolutionConfigurationPlatforms) = preSolution
		Debug|Any CPU = Debug|Any CPU
		Release|Any CPU = Release|Any CPU
	EndGlobalSection
	GlobalSection(ProjectConfigurationPlatforms) = postSolution
		{1F5FF00B-CE0F-40B8-9BC4-7B5ED2087266}.Debug|Any CPU.ActiveCfg = Debug|Any CPU
		{1F5FF00B-CE0F-40B8-9BC4-7B5ED2087266}.Debug|Any CPU.Build.0 = Debug|Any CPU
		{1F5FF00B-CE0F-40B8-9BC4-7B5ED2087266}.Release|Any CPU.ActiveCfg = Release|Any CPU
		{1F5FF00B-CE0F-40B8-9BC4-7B5ED2087266}.Release|Any CPU.Build.0 = Release|Any CPU
		{D7A1CE66-E49C-4081-9138-113711488895}.Debug|Any CPU.ActiveCfg = Debug|Any CPU
		{D7A1CE66-E49C-4081-9138-113711488895}.Debug|Any CPU.Build.0 = Debug|Any CPU
		{D7A1CE66-E49C-4081-9138-113711488895}.Release|Any CPU.ActiveCfg = Release|Any CPU
		{D7A1CE66-E49C-4081-9138-113711488895}.Release|Any CPU.Build.0 = Release|Any CPU
	EndGlobalSection
	GlobalSection(SolutionProperties) = preSolution
		HideSolutionNode = FALSE
	EndGlobalSection
EndGlobal
